lockfileVersion: '9.0'

settings:
  autoInstallPeers: true
  excludeLinksFromLockfile: false

importers:

  .:
    dependencies:
      hono:
        specifier: ^4.7.7
        version: 4.7.7
    devDependencies:
      '@cloudflare/workers-types':
        specifier: ^4.20250419.0
        version: 4.20250419.0
      '@types/node':
        specifier: ^22.14.1
        version: 22.14.1
      typescript:
        specifier: ^5.8.3
        version: 5.8.3

packages:

  '@cloudflare/workers-types@4.20250419.0':
    resolution: {integrity: sha512-uu8gZ8P6teFsyfJOIXBrNC4ZsjLWPUEMeDqbQCdJ8OA6Rs/8QoUYD7ZSLW2kxsO/6upcbZir1WGrWp8088aVWg==}

  '@types/node@22.14.1':
    resolution: {integrity: sha512-u0HuPQwe/dHrItgHHpmw3N2fYCR6x4ivMNbPHRkBVP4CvN+kiRrKHWk3i8tXiO/joPwXLMYvF9TTF0eqgHIuOw==}

  hono@4.7.7:
    resolution: {integrity: sha512-2PCpQRbN87Crty8/L/7akZN3UyZIAopSoRxCwRbJgUuV1+MHNFHzYFxZTg4v/03cXUm+jce/qa2VSBZpKBm3Qw==}
    engines: {node: '>=16.9.0'}

  typescript@5.8.3:
    resolution: {integrity: sha512-p1diW6TqL9L07nNxvRMM7hMMw4c5XOo/1ibL4aAIGmSAt9slTE1Xgw5KWuof2uTOvCg9BY7ZRi+GaF+7sfgPeQ==}
    engines: {node: '>=14.17'}
    hasBin: true

  undici-types@6.21.0:
    resolution: {integrity: sha512-iwDZqg0QAGrg9Rav5H4n0M64c3mkR59cJ6wQp+7C4nI0gsmExaedaYLNO44eT4AtBBwjbTiGPMlt2Md0T9H9JQ==}

snapshots:

  '@cloudflare/workers-types@4.20250419.0': {}

  '@types/node@22.14.1':
    dependencies:
      undici-types: 6.21.0

  hono@4.7.7: {}

  typescript@5.8.3: {}

  undici-types@6.21.0: {}
